
Microsoft Visual Studio Solution File, Format Version 12.00
# Visual Studio 15
VisualStudioVersion = 15.0.28307.757
MinimumVisualStudioVersion = 10.0.40219.1
Project("{FAE04EC0-301F-11D3-BF4B-00C04F79EFBC}") = "AutofacKeyed", "AutofacKeyed\AutofacKeyed.csproj", "{3D530301-27ED-416C-B490-40FC3B2A5F89}"
EndProject
Global
	GlobalSection(SolutionConfigurationPlatforms) = preSolution
		Debug|Any CPU = Debug|Any CPU
		Release|Any CPU = Release|Any CPU
	EndGlobalSection
	GlobalSection(ProjectConfigurationPlatforms) = postSolution
		{3D530301-27ED-416C-B490-40FC3B2A5F89}.Debug|Any CPU.ActiveCfg = Debug|Any CPU
		{3D530301-27ED-416C-B490-40FC3B2A5F89}.Debug|Any CPU.Build.0 = Debug|Any CPU
		{3D530301-27ED-416C-B490-40FC3B2A5F89}.Release|Any CPU.ActiveCfg = Release|Any CPU
		{3D530301-27ED-416C-B490-40FC3B2A5F89}.Release|Any CPU.Build.0 = Release|Any CPU
	EndGlobalSection
	GlobalSection(SolutionProperties) = preSolution
		HideSolutionNode = FALSE
	EndGlobalSection
	GlobalSection(ExtensibilityGlobals) = postSolution
		SolutionGuid = {5BED83F4-8851-41F3-A67E-ED326419165B}
	EndGlobalSection
EndGlobal
